
Microsoft Visual Studio Solution File, Format Version 12.00
# Visual Studio Version 17
VisualStudioVersion = 17.4.33122.133
MinimumVisualStudioVersion = 10.0.40219.1
Project("{FAE04EC0-301F-11D3-BF4B-00C04F79EFBC}") = "PhoneShopnet", "PhoneShopnet.csproj", "{9D542E7F-3B96-4D86-8AAC-3D50C9CCE8EA}"
EndProject
Project("{FAE04EC0-301F-11D3-BF4B-00C04F79EFBC}") = "Phone.Models", "..\Phone.Models\Phone.Models.csproj", "{7C8296BF-09E4-4F7C-A0BB-AB2541AC54D1}"
EndProject
Project("{FAE04EC0-301F-11D3-BF4B-00C04F79EFBC}") = "Phone.Data", "..\Phone.Data\Phone.Data.csproj", "{7D73DFA1-BAD7-4C97-971E-F84E823834D4}"
EndProject
Project("{FAE04EC0-301F-11D3-BF4B-00C04F79EFBC}") = "Phone.Utility", "..\Phone.Utility\Phone.Utility.csproj", "{986AC614-DC7F-40F1-AC4C-F8FE7D63D4F2}"
EndProject
Global
	GlobalSection(SolutionConfigurationPlatforms) = preSolution
		Debug|Any CPU = Debug|Any CPU
		Release|Any CPU = Release|Any CPU
	EndGlobalSection
	GlobalSection(ProjectConfigurationPlatforms) = postSolution
		{9D542E7F-3B96-4D86-8AAC-3D50C9CCE8EA}.Debug|Any CPU.ActiveCfg = Debug|Any CPU
		{9D542E7F-3B96-4D86-8AAC-3D50C9CCE8EA}.Debug|Any CPU.Build.0 = Debug|Any CPU
		{9D542E7F-3B96-4D86-8AAC-3D50C9CCE8EA}.Release|Any CPU.ActiveCfg = Release|Any CPU
		{9D542E7F-3B96-4D86-8AAC-3D50C9CCE8EA}.Release|Any CPU.Build.0 = Release|Any CPU
		{7C8296BF-09E4-4F7C-A0BB-AB2541AC54D1}.Debug|Any CPU.ActiveCfg = Debug|Any CPU
		{7C8296BF-09E4-4F7C-A0BB-AB2541AC54D1}.Debug|Any CPU.Build.0 = Debug|Any CPU
		{7C8296BF-09E4-4F7C-A0BB-AB2541AC54D1}.Release|Any CPU.ActiveCfg = Release|Any CPU
		{7C8296BF-09E4-4F7C-A0BB-AB2541AC54D1}.Release|Any CPU.Build.0 = Release|Any CPU
		{7D73DFA1-BAD7-4C97-971E-F84E823834D4}.Debug|Any CPU.ActiveCfg = Debug|Any CPU
		{7D73DFA1-BAD7-4C97-971E-F84E823834D4}.Debug|Any CPU.Build.0 = Debug|Any CPU
		{7D73DFA1-BAD7-4C97-971E-F84E823834D4}.Release|Any CPU.ActiveCfg = Release|Any CPU
		{7D73DFA1-BAD7-4C97-971E-F84E823834D4}.Release|Any CPU.Build.0 = Release|Any CPU
		{986AC614-DC7F-40F1-AC4C-F8FE7D63D4F2}.Debug|Any CPU.ActiveCfg = Debug|Any CPU
		{986AC614-DC7F-40F1-AC4C-F8FE7D63D4F2}.Debug|Any CPU.Build.0 = Debug|Any CPU
		{986AC614-DC7F-40F1-AC4C-F8FE7D63D4F2}.Release|Any CPU.ActiveCfg = Release|Any CPU
		{986AC614-DC7F-40F1-AC4C-F8FE7D63D4F2}.Release|Any CPU.Build.0 = Release|Any CPU
	EndGlobalSection
	GlobalSection(SolutionProperties) = preSolution
		HideSolutionNode = FALSE
	EndGlobalSection
	GlobalSection(ExtensibilityGlobals) = postSolution
		SolutionGuid = {3631525C-42EC-4E9F-8924-221800E16927}
	EndGlobalSection
EndGlobal
